Microsoft Visual Studio Solution File, Format Version 12.00
# Visual Studio Version 17
VisualStudioVersion = 17.0.31903.59
MinimumVisualStudioVersion = 10.0.40219.1

Project("{FAE04EC0-301F-11D3-BF4B-00C04F79EFBC}") = "task03", "task03/task03.csproj", "{cf35b5de-6593-4ee5-8ca8-cb9ca7f076de}"
EndProject
Project("{FAE04EC0-301F-11D3-BF4B-00C04F79EFBC}") = "task03tests", "task03tests/task03tests.csproj", "{5742af0f-d2ad-4147-a70a-a03bdffca6d9}"
EndProject

Global
    GlobalSection(SolutionConfigurationPlatforms) = preSolution
        Debug|Any CPU = Debug|Any CPU
        Release|Any CPU = Release|Any CPU
    EndGlobalSection
    GlobalSection(ProjectConfigurationPlatforms) = postSolution
        {cf35b5de-6593-4ee5-8ca8-cb9ca7f076de}.Debug|Any CPU.ActiveCfg = Debug|Any CPU
        {cf35b5de-6593-4ee5-8ca8-cb9ca7f076de}.Debug|Any CPU.Build.0 = Debug|Any CPU
        {cf35b5de-6593-4ee5-8ca8-cb9ca7f076de}.Release|Any CPU.ActiveCfg = Release|Any CPU
        {cf35b5de-6593-4ee5-8ca8-cb9ca7f076de}.Release|Any CPU.Build.0 = Release|Any CPU

        {5742af0f-d2ad-4147-a70a-a03bdffca6d9}.Debug|Any CPU.ActiveCfg = Debug|Any CPU
        {5742af0f-d2ad-4147-a70a-a03bdffca6d9}.Debug|Any CPU.Build.0 = Debug|Any CPU
        {5742af0f-d2ad-4147-a70a-a03bdffca6d9}.Release|Any CPU.ActiveCfg = Release|Any CPU
        {5742af0f-d2ad-4147-a70a-a03bdffca6d9}.Release|Any CPU.Build.0 = Release|Any CPU
    EndGlobalSection
    GlobalSection(SolutionProperties) = preSolution
        HideSolutionNode = FALSE
    EndGlobalSection
EndGlobal
