Microsoft Visual Studio Solution File, Format Version 12.00
# Visual Studio Version 17
VisualStudioVersion = 17.0.31903.59
MinimumVisualStudioVersion = 10.0.40219.1
Project("{FAE04EC0-301F-11D3-BF4B-00C04F79EFBC}") = "task05", "task05\task05.csproj", "{06D3AEEA-C71C-4CDF-9FA0-4F713E5B2DB8}"
EndProject
Project("{FAE04EC0-301F-11D3-BF4B-00C04F79EFBC}") = "task05tests", "task05tests\task05tests.csproj", "{BDE0E7CF-A09E-4135-B6B8-536B3924F3C5}"
EndProject
Global
    GlobalSection(SolutionConfigurationPlatforms) = preSolution
        Debug|Any CPU = Debug|Any CPU
        Release|Any CPU = Release|Any CPU
    EndGlobalSection
    GlobalSection(ProjectConfigurationPlatforms) = postSolution
        {06D3AEEA-C71C-4CDF-9FA0-4F713E5B2DB8}.Debug|Any CPU.ActiveCfg = Debug|Any CPU
        {06D3AEEA-C71C-4CDF-9FA0-4F713E5B2DB8}.Debug|Any CPU.Build.0 = Debug|Any CPU
        {06D3AEEA-C71C-4CDF-9FA0-4F713E5B2DB8}.Release|Any CPU.ActiveCfg = Release|Any CPU
        {06D3AEEA-C71C-4CDF-9FA0-4F713E5B2DB8}.Release|Any CPU.Build.0 = Release|Any CPU
        {BDE0E7CF-A09E-4135-B6B8-536B3924F3C5}.Debug|Any CPU.ActiveCfg = Debug|Any CPU
        {BDE0E7CF-A09E-4135-B6B8-536B3924F3C5}.Debug|Any CPU.Build.0 = Debug|Any CPU
        {BDE0E7CF-A09E-4135-B6B8-536B3924F3C5}.Release|Any CPU.ActiveCfg = Release|Any CPU
        {BDE0E7CF-A09E-4135-B6B8-536B3924F3C5}.Release|Any CPU.Build.0 = Release|Any CPU
    EndGlobalSection
    GlobalSection(SolutionProperties) = preSolution
        HideSolutionNode = FALSE
    EndGlobalSection
EndGlobal
