Microsoft Visual Studio Solution File, Format Version 12.00
# Visual Studio Version 17
VisualStudioVersion = 17.0.31903.59
MinimumVisualStudioVersion = 10.0.40219.1
Project("{FAE04EC0-301F-11D3-BF4B-00C04F79EFBC}") = "task07", "task07\task07.csproj", "{D5F6047E-7279-485D-A057-9050412D1914}"
EndProject
Project("{FAE04EC0-301F-11D3-BF4B-00C04F79EFBC}") = "task07tests", "task07tests\task07tests.csproj", "{BB301CA2-B361-41DC-A118-34B1480B2C54}"
EndProject
Global
    GlobalSection(SolutionConfigurationPlatforms) = preSolution
        Debug|Any CPU = Debug|Any CPU
        Release|Any CPU = Release|Any CPU
    EndGlobalSection
    GlobalSection(ProjectConfigurationPlatforms) = postSolution
        {D5F6047E-7279-485D-A057-9050412D1914}.Debug|Any CPU.ActiveCfg = Debug|Any CPU
        {D5F6047E-7279-485D-A057-9050412D1914}.Debug|Any CPU.Build.0 = Debug|Any CPU
        {D5F6047E-7279-485D-A057-9050412D1914}.Release|Any CPU.ActiveCfg = Release|Any CPU
        {D5F6047E-7279-485D-A057-9050412D1914}.Release|Any CPU.Build.0 = Release|Any CPU
        {BB301CA2-B361-41DC-A118-34B1480B2C54}.Debug|Any CPU.ActiveCfg = Debug|Any CPU
        {BB301CA2-B361-41DC-A118-34B1480B2C54}.Debug|Any CPU.Build.0 = Debug|Any CPU
        {BB301CA2-B361-41DC-A118-34B1480B2C54}.Release|Any CPU.ActiveCfg = Release|Any CPU
        {BB301CA2-B361-41DC-A118-34B1480B2C54}.Release|Any CPU.Build.0 = Release|Any CPU
    EndGlobalSection
    GlobalSection(SolutionProperties) = preSolution
        HideSolutionNode = FALSE
    EndGlobalSection
EndGlobal
