Microsoft Visual Studio Solution File, Format Version 12.00
# Visual Studio Version 17
VisualStudioVersion = 17.0.31903.59
MinimumVisualStudioVersion = 10.0.40219.1
Project("{FAE04EC0-301F-11D3-BF4B-00C04F79EFBC}") = "task01", "task01\task01.csproj", "{67D85786-FBF3-487B-A201-296A0BB7DF86}"
EndProject
Project("{FAE04EC0-301F-11D3-BF4B-00C04F79EFBC}") = "task01Tests", "task01Tests\task01Tests.csproj", "{339DD9E6-E48A-4235-9F04-07ED56E3D9E9}"
EndProject
Global
    GlobalSection(SolutionConfigurationPlatforms) = preSolution
        Debug|Any CPU = Debug|Any CPU
        Release|Any CPU = Release|Any CPU
    EndGlobalSection
    GlobalSection(ProjectConfigurationPlatforms) = postSolution
        {67D85786-FBF3-487B-A201-296A0BB7DF86}.Debug|Any CPU.ActiveCfg = Debug|Any CPU
        {67D85786-FBF3-487B-A201-296A0BB7DF86}.Debug|Any CPU.Build.0 = Debug|Any CPU
        {67D85786-FBF3-487B-A201-296A0BB7DF86}.Release|Any CPU.ActiveCfg = Release|Any CPU
        {67D85786-FBF3-487B-A201-296A0BB7DF86}.Release|Any CPU.Build.0 = Release|Any CPU
        {339DD9E6-E48A-4235-9F04-07ED56E3D9E9}.Debug|Any CPU.ActiveCfg = Debug|Any CPU
        {339DD9E6-E48A-4235-9F04-07ED56E3D9E9}.Debug|Any CPU.Build.0 = Debug|Any CPU
        {339DD9E6-E48A-4235-9F04-07ED56E3D9E9}.Release|Any CPU.ActiveCfg = Release|Any CPU
        {339DD9E6-E48A-4235-9F04-07ED56E3D9E9}.Release|Any CPU.Build.0 = Release|Any CPU
    EndGlobalSection
    GlobalSection(SolutionProperties) = preSolution
        HideSolutionNode = FALSE
    EndGlobalSection
EndGlobal